{
  "name": "mister-worldwide",
  "version": "1.0.0",
  "lockfileVersion": 3,
  "requires": true,
  "packages": {
    "": {
      "name": "mister-worldwide",
      "version": "1.0.0",
      "dependencies": {
        "s2-geometry": "^1.2.10"
      },
      "devDependencies": {
        "three": "^0.161.0"
      }
    },
    "node_modules/long": {
      "version": "3.2.0",
      "resolved": "https://registry.npmjs.org/long/-/long-3.2.0.tgz",
      "integrity": "sha512-ZYvPPOMqUwPoDsbJaR10iQJYnMuZhRTvHYl62ErLIEX7RgFlziSBUUvrt3OVfc47QlHHpzPZYP17g3Fv7oeJkg==",
      "license": "Apache-2.0",
      "engines": {
        "node": ">=0.6"
      }
    },
    "node_modules/s2-geometry": {
      "version": "1.2.10",
      "resolved": "https://registry.npmjs.org/s2-geometry/-/s2-geometry-1.2.10.tgz",
      "integrity": "sha512-5WejfQu1XZ25ZerW8uL6xP1sM2krcOYKhI6TbfybGRf+vTQLrm3E+4n0+1lWg+MYqFjPzoe51zKhn2sBRMCt5g==",
      "license": "(MIT or Apache-2 or ISC)",
      "dependencies": {
        "long": "^3.2.0"
      }
    },
    "node_modules/three": {
      "version": "0.161.0",
      "resolved": "https://registry.npmjs.org/three/-/three-0.161.0.tgz",
      "integrity": "sha512-LC28VFtjbOyEu5b93K0bNRLw1rQlMJ85lilKsYj6dgTu+7i17W+JCCEbvrpmNHF1F3NAUqDSWq50UD7w9H2xQw==",
      "dev": true,
      "license": "MIT"
    }
  }
}
